
Microsoft Visual Studio Solution File, Format Version 12.00
# Visual Studio 15
VisualStudioVersion = 15.0.26730.12
MinimumVisualStudioVersion = 10.0.40219.1
Project("{FAE04EC0-301F-11D3-BF4B-00C04F79EFBC}") = "TickerRebuild", "TickerRebuild\TickerRebuild.csproj", "{58AD7EE0-D82B-4EA0-AC54-019C4360EF48}"
EndProject
Global
	GlobalSection(SolutionConfigurationPlatforms) = preSolution
		Debug|Any CPU = Debug|Any CPU
		Release|Any CPU = Release|Any CPU
	EndGlobalSection
	GlobalSection(ProjectConfigurationPlatforms) = postSolution
		{58AD7EE0-D82B-4EA0-AC54-019C4360EF48}.Debug|Any CPU.ActiveCfg = Debug|Any CPU
		{58AD7EE0-D82B-4EA0-AC54-019C4360EF48}.Debug|Any CPU.Build.0 = Debug|Any CPU
		{58AD7EE0-D82B-4EA0-AC54-019C4360EF48}.Release|Any CPU.ActiveCfg = Release|Any CPU
		{58AD7EE0-D82B-4EA0-AC54-019C4360EF48}.Release|Any CPU.Build.0 = Release|Any CPU
	EndGlobalSection
	GlobalSection(SolutionProperties) = preSolution
		HideSolutionNode = FALSE
	EndGlobalSection
	GlobalSection(ExtensibilityGlobals) = postSolution
		SolutionGuid = {0215A684-F5A8-462D-9AF6-00878B08555E}
	EndGlobalSection
EndGlobal
