
Microsoft Visual Studio Solution File, Format Version 12.00
# Visual Studio 15
VisualStudioVersion = 15.0.26730.12
MinimumVisualStudioVersion = 10.0.40219.1
Project("{FAE04EC0-301F-11D3-BF4B-00C04F79EFBC}") = "Exam1Practice", "Exam1Practice\Exam1Practice.csproj", "{472E4B2E-500F-454D-BE86-E858BA83F305}"
EndProject
Global
	GlobalSection(SolutionConfigurationPlatforms) = preSolution
		Debug|Any CPU = Debug|Any CPU
		Release|Any CPU = Release|Any CPU
	EndGlobalSection
	GlobalSection(ProjectConfigurationPlatforms) = postSolution
		{472E4B2E-500F-454D-BE86-E858BA83F305}.Debug|Any CPU.ActiveCfg = Debug|Any CPU
		{472E4B2E-500F-454D-BE86-E858BA83F305}.Debug|Any CPU.Build.0 = Debug|Any CPU
		{472E4B2E-500F-454D-BE86-E858BA83F305}.Release|Any CPU.ActiveCfg = Release|Any CPU
		{472E4B2E-500F-454D-BE86-E858BA83F305}.Release|Any CPU.Build.0 = Release|Any CPU
	EndGlobalSection
	GlobalSection(SolutionProperties) = preSolution
		HideSolutionNode = FALSE
	EndGlobalSection
	GlobalSection(ExtensibilityGlobals) = postSolution
		SolutionGuid = {20C470B0-1F55-47CA-8D34-673FE4B4F062}
	EndGlobalSection
EndGlobal
